
Microsoft Visual Studio Solution File, Format Version 12.00
# Visual Studio 15
VisualStudioVersion = 15.0.28307.271
MinimumVisualStudioVersion = 10.0.40219.1
Project("{9A19103F-16F7-4668-BE54-9A1E7A4F7556}") = "P01.RhombusOfStars", "P01.RhombusOfStars\P01.RhombusOfStars.csproj", "{141E286C-A1E4-4E78-B566-E094CBB2BA42}"
EndProject
Project("{9A19103F-16F7-4668-BE54-9A1E7A4F7556}") = "P02.PoinInRectangle", "P02.PoinInRectangle\P02.PoinInRectangle.csproj", "{92F16DDD-0C09-47C3-8DD5-1B8560DAA762}"
EndProject
Project("{9A19103F-16F7-4668-BE54-9A1E7A4F7556}") = "P03.StudentSystemCatalog", "P03.StudentSystemCatalog\P03.StudentSystemCatalog.csproj", "{1614C62E-C7CA-4427-9432-ACD06026186C}"
EndProject
Global
	GlobalSection(SolutionConfigurationPlatforms) = preSolution
		Debug|Any CPU = Debug|Any CPU
		Release|Any CPU = Release|Any CPU
	EndGlobalSection
	GlobalSection(ProjectConfigurationPlatforms) = postSolution
		{141E286C-A1E4-4E78-B566-E094CBB2BA42}.Debug|Any CPU.ActiveCfg = Debug|Any CPU
		{141E286C-A1E4-4E78-B566-E094CBB2BA42}.Debug|Any CPU.Build.0 = Debug|Any CPU
		{141E286C-A1E4-4E78-B566-E094CBB2BA42}.Release|Any CPU.ActiveCfg = Release|Any CPU
		{141E286C-A1E4-4E78-B566-E094CBB2BA42}.Release|Any CPU.Build.0 = Release|Any CPU
		{92F16DDD-0C09-47C3-8DD5-1B8560DAA762}.Debug|Any CPU.ActiveCfg = Debug|Any CPU
		{92F16DDD-0C09-47C3-8DD5-1B8560DAA762}.Debug|Any CPU.Build.0 = Debug|Any CPU
		{92F16DDD-0C09-47C3-8DD5-1B8560DAA762}.Release|Any CPU.ActiveCfg = Release|Any CPU
		{92F16DDD-0C09-47C3-8DD5-1B8560DAA762}.Release|Any CPU.Build.0 = Release|Any CPU
		{1614C62E-C7CA-4427-9432-ACD06026186C}.Debug|Any CPU.ActiveCfg = Debug|Any CPU
		{1614C62E-C7CA-4427-9432-ACD06026186C}.Debug|Any CPU.Build.0 = Debug|Any CPU
		{1614C62E-C7CA-4427-9432-ACD06026186C}.Release|Any CPU.ActiveCfg = Release|Any CPU
		{1614C62E-C7CA-4427-9432-ACD06026186C}.Release|Any CPU.Build.0 = Release|Any CPU
	EndGlobalSection
	GlobalSection(SolutionProperties) = preSolution
		HideSolutionNode = FALSE
	EndGlobalSection
	GlobalSection(ExtensibilityGlobals) = postSolution
		SolutionGuid = {1079EF18-3AD1-46AD-BF6F-0D7E619E9DA5}
	EndGlobalSection
EndGlobal
