
Microsoft Visual Studio Solution File, Format Version 12.00
# Visual Studio 15
VisualStudioVersion = 15.0.28307.271
MinimumVisualStudioVersion = 10.0.40219.1
Project("{9A19103F-16F7-4668-BE54-9A1E7A4F7556}") = "P01.Stealer", "P01.Stealer\P01.Stealer.csproj", "{9FFE32C1-DC0D-4735-AA31-B9E9ADD88278}"
EndProject
Project("{FAE04EC0-301F-11D3-BF4B-00C04F79EFBC}") = "P02.HighQualityMistakes", "P02.HighQualityMistakes\P02.HighQualityMistakes.csproj", "{25115F2B-711E-4EDE-AB1E-43930B159A20}"
EndProject
Project("{FAE04EC0-301F-11D3-BF4B-00C04F79EFBC}") = "P03.MissionPrivateImpossible", "P03.MissionPrivateImpossible\P03.MissionPrivateImpossible.csproj", "{716BA7B3-0A12-4F7F-96E4-F849959433AD}"
EndProject
Project("{FAE04EC0-301F-11D3-BF4B-00C04F79EFBC}") = "P04.Collector", "P04.Collector\P04.Collector.csproj", "{40572E0C-13FC-4574-A42D-5B1E25265BC2}"
EndProject
Project("{FAE04EC0-301F-11D3-BF4B-00C04F79EFBC}") = "P05.CreateAttribute", "P05.CreateAttribute\P05.CreateAttribute.csproj", "{09C0660E-0D9E-4B92-9E93-010987FFE6DC}"
EndProject
Global
	GlobalSection(SolutionConfigurationPlatforms) = preSolution
		Debug|Any CPU = Debug|Any CPU
		Release|Any CPU = Release|Any CPU
	EndGlobalSection
	GlobalSection(ProjectConfigurationPlatforms) = postSolution
		{9FFE32C1-DC0D-4735-AA31-B9E9ADD88278}.Debug|Any CPU.ActiveCfg = Debug|Any CPU
		{9FFE32C1-DC0D-4735-AA31-B9E9ADD88278}.Debug|Any CPU.Build.0 = Debug|Any CPU
		{9FFE32C1-DC0D-4735-AA31-B9E9ADD88278}.Release|Any CPU.ActiveCfg = Release|Any CPU
		{9FFE32C1-DC0D-4735-AA31-B9E9ADD88278}.Release|Any CPU.Build.0 = Release|Any CPU
		{25115F2B-711E-4EDE-AB1E-43930B159A20}.Debug|Any CPU.ActiveCfg = Debug|Any CPU
		{25115F2B-711E-4EDE-AB1E-43930B159A20}.Debug|Any CPU.Build.0 = Debug|Any CPU
		{25115F2B-711E-4EDE-AB1E-43930B159A20}.Release|Any CPU.ActiveCfg = Release|Any CPU
		{25115F2B-711E-4EDE-AB1E-43930B159A20}.Release|Any CPU.Build.0 = Release|Any CPU
		{716BA7B3-0A12-4F7F-96E4-F849959433AD}.Debug|Any CPU.ActiveCfg = Debug|Any CPU
		{716BA7B3-0A12-4F7F-96E4-F849959433AD}.Debug|Any CPU.Build.0 = Debug|Any CPU
		{716BA7B3-0A12-4F7F-96E4-F849959433AD}.Release|Any CPU.ActiveCfg = Release|Any CPU
		{716BA7B3-0A12-4F7F-96E4-F849959433AD}.Release|Any CPU.Build.0 = Release|Any CPU
		{40572E0C-13FC-4574-A42D-5B1E25265BC2}.Debug|Any CPU.ActiveCfg = Debug|Any CPU
		{40572E0C-13FC-4574-A42D-5B1E25265BC2}.Debug|Any CPU.Build.0 = Debug|Any CPU
		{40572E0C-13FC-4574-A42D-5B1E25265BC2}.Release|Any CPU.ActiveCfg = Release|Any CPU
		{40572E0C-13FC-4574-A42D-5B1E25265BC2}.Release|Any CPU.Build.0 = Release|Any CPU
		{09C0660E-0D9E-4B92-9E93-010987FFE6DC}.Debug|Any CPU.ActiveCfg = Debug|Any CPU
		{09C0660E-0D9E-4B92-9E93-010987FFE6DC}.Debug|Any CPU.Build.0 = Debug|Any CPU
		{09C0660E-0D9E-4B92-9E93-010987FFE6DC}.Release|Any CPU.ActiveCfg = Release|Any CPU
		{09C0660E-0D9E-4B92-9E93-010987FFE6DC}.Release|Any CPU.Build.0 = Release|Any CPU
	EndGlobalSection
	GlobalSection(SolutionProperties) = preSolution
		HideSolutionNode = FALSE
	EndGlobalSection
	GlobalSection(ExtensibilityGlobals) = postSolution
		SolutionGuid = {3B71A017-4B55-4280-8789-0BDF408601B2}
	EndGlobalSection
EndGlobal
