
Microsoft Visual Studio Solution File, Format Version 12.00
# Visual Studio 15
VisualStudioVersion = 15.0.28307.271
MinimumVisualStudioVersion = 10.0.40219.1
Project("{9A19103F-16F7-4668-BE54-9A1E7A4F7556}") = "P01.Vehicles", "P01.Vehicles\P01.Vehicles.csproj", "{FF0C8857-B940-43E8-BBB4-1814CE1770A7}"
EndProject
Project("{9A19103F-16F7-4668-BE54-9A1E7A4F7556}") = "P02.VehiclesExtension", "P02.VehiclesExtension\P02.VehiclesExtension.csproj", "{798AF72B-C62A-4BFE-852F-13DC30DE7F4A}"
EndProject
Project("{FAE04EC0-301F-11D3-BF4B-00C04F79EFBC}") = "P03.WildFarm", "P03.WildFarm\P03.WildFarm.csproj", "{44135525-0FCB-430C-88D1-CB8A788133D0}"
EndProject
Global
	GlobalSection(SolutionConfigurationPlatforms) = preSolution
		Debug|Any CPU = Debug|Any CPU
		Release|Any CPU = Release|Any CPU
	EndGlobalSection
	GlobalSection(ProjectConfigurationPlatforms) = postSolution
		{FF0C8857-B940-43E8-BBB4-1814CE1770A7}.Debug|Any CPU.ActiveCfg = Debug|Any CPU
		{FF0C8857-B940-43E8-BBB4-1814CE1770A7}.Debug|Any CPU.Build.0 = Debug|Any CPU
		{FF0C8857-B940-43E8-BBB4-1814CE1770A7}.Release|Any CPU.ActiveCfg = Release|Any CPU
		{FF0C8857-B940-43E8-BBB4-1814CE1770A7}.Release|Any CPU.Build.0 = Release|Any CPU
		{798AF72B-C62A-4BFE-852F-13DC30DE7F4A}.Debug|Any CPU.ActiveCfg = Debug|Any CPU
		{798AF72B-C62A-4BFE-852F-13DC30DE7F4A}.Debug|Any CPU.Build.0 = Debug|Any CPU
		{798AF72B-C62A-4BFE-852F-13DC30DE7F4A}.Release|Any CPU.ActiveCfg = Release|Any CPU
		{798AF72B-C62A-4BFE-852F-13DC30DE7F4A}.Release|Any CPU.Build.0 = Release|Any CPU
		{44135525-0FCB-430C-88D1-CB8A788133D0}.Debug|Any CPU.ActiveCfg = Debug|Any CPU
		{44135525-0FCB-430C-88D1-CB8A788133D0}.Debug|Any CPU.Build.0 = Debug|Any CPU
		{44135525-0FCB-430C-88D1-CB8A788133D0}.Release|Any CPU.ActiveCfg = Release|Any CPU
		{44135525-0FCB-430C-88D1-CB8A788133D0}.Release|Any CPU.Build.0 = Release|Any CPU
	EndGlobalSection
	GlobalSection(SolutionProperties) = preSolution
		HideSolutionNode = FALSE
	EndGlobalSection
	GlobalSection(ExtensibilityGlobals) = postSolution
		SolutionGuid = {DFAD4D21-2AFC-433B-8402-AA7305DFC5C5}
	EndGlobalSection
EndGlobal
