
Microsoft Visual Studio Solution File, Format Version 12.00
# Visual Studio 15
VisualStudioVersion = 15.0.28307.271
MinimumVisualStudioVersion = 10.0.40219.1
Project("{9A19103F-16F7-4668-BE54-9A1E7A4F7556}") = "P01.Persons", "P01.Persons\P01.Persons.csproj", "{6AD1BE1E-6578-43B7-BD8F-20B640919CDA}"
EndProject
Project("{FAE04EC0-301F-11D3-BF4B-00C04F79EFBC}") = "P02.Salary", "P02.Salary\P02.Salary.csproj", "{33DCAFB2-DF12-442B-A9BC-5805711A7FD1}"
EndProject
Global
	GlobalSection(SolutionConfigurationPlatforms) = preSolution
		Debug|Any CPU = Debug|Any CPU
		Release|Any CPU = Release|Any CPU
	EndGlobalSection
	GlobalSection(ProjectConfigurationPlatforms) = postSolution
		{6AD1BE1E-6578-43B7-BD8F-20B640919CDA}.Debug|Any CPU.ActiveCfg = Debug|Any CPU
		{6AD1BE1E-6578-43B7-BD8F-20B640919CDA}.Debug|Any CPU.Build.0 = Debug|Any CPU
		{6AD1BE1E-6578-43B7-BD8F-20B640919CDA}.Release|Any CPU.ActiveCfg = Release|Any CPU
		{6AD1BE1E-6578-43B7-BD8F-20B640919CDA}.Release|Any CPU.Build.0 = Release|Any CPU
		{33DCAFB2-DF12-442B-A9BC-5805711A7FD1}.Debug|Any CPU.ActiveCfg = Debug|Any CPU
		{33DCAFB2-DF12-442B-A9BC-5805711A7FD1}.Debug|Any CPU.Build.0 = Debug|Any CPU
		{33DCAFB2-DF12-442B-A9BC-5805711A7FD1}.Release|Any CPU.ActiveCfg = Release|Any CPU
		{33DCAFB2-DF12-442B-A9BC-5805711A7FD1}.Release|Any CPU.Build.0 = Release|Any CPU
	EndGlobalSection
	GlobalSection(SolutionProperties) = preSolution
		HideSolutionNode = FALSE
	EndGlobalSection
	GlobalSection(ExtensibilityGlobals) = postSolution
		SolutionGuid = {80560F35-5BA4-4479-884D-F0559ECB7199}
	EndGlobalSection
EndGlobal
