
Microsoft Visual Studio Solution File, Format Version 12.00
# Visual Studio 15
VisualStudioVersion = 15.0.28307.271
MinimumVisualStudioVersion = 10.0.40219.1
Project("{FAE04EC0-301F-11D3-BF4B-00C04F79EFBC}") = "P01.Shapes", "P01.Shapes\P01.Shapes.csproj", "{FF55E3A5-1479-4317-A748-C4A0CE415AF8}"
EndProject
Project("{FAE04EC0-301F-11D3-BF4B-00C04F79EFBC}") = "P02.Cars", "P02.Cars\P02.Cars.csproj", "{3A102C3E-5C47-4802-8C8E-0E628FFDFAD9}"
EndProject
Global
	GlobalSection(SolutionConfigurationPlatforms) = preSolution
		Debug|Any CPU = Debug|Any CPU
		Release|Any CPU = Release|Any CPU
	EndGlobalSection
	GlobalSection(ProjectConfigurationPlatforms) = postSolution
		{FF55E3A5-1479-4317-A748-C4A0CE415AF8}.Debug|Any CPU.ActiveCfg = Debug|Any CPU
		{FF55E3A5-1479-4317-A748-C4A0CE415AF8}.Debug|Any CPU.Build.0 = Debug|Any CPU
		{FF55E3A5-1479-4317-A748-C4A0CE415AF8}.Release|Any CPU.ActiveCfg = Release|Any CPU
		{FF55E3A5-1479-4317-A748-C4A0CE415AF8}.Release|Any CPU.Build.0 = Release|Any CPU
		{3A102C3E-5C47-4802-8C8E-0E628FFDFAD9}.Debug|Any CPU.ActiveCfg = Debug|Any CPU
		{3A102C3E-5C47-4802-8C8E-0E628FFDFAD9}.Debug|Any CPU.Build.0 = Debug|Any CPU
		{3A102C3E-5C47-4802-8C8E-0E628FFDFAD9}.Release|Any CPU.ActiveCfg = Release|Any CPU
		{3A102C3E-5C47-4802-8C8E-0E628FFDFAD9}.Release|Any CPU.Build.0 = Release|Any CPU
	EndGlobalSection
	GlobalSection(SolutionProperties) = preSolution
		HideSolutionNode = FALSE
	EndGlobalSection
	GlobalSection(ExtensibilityGlobals) = postSolution
		SolutionGuid = {746CEA7A-2D17-4392-ACED-10D209DBD262}
	EndGlobalSection
EndGlobal
