
Microsoft Visual Studio Solution File, Format Version 12.00
# Visual Studio 15
VisualStudioVersion = 15.0.28307.271
MinimumVisualStudioVersion = 10.0.40219.1
Project("{9A19103F-16F7-4668-BE54-9A1E7A4F7556}") = "P01.Person", "P01.Person\P01.Person.csproj", "{82EB7059-B667-400A-A8FD-5595B1A711E2}"
EndProject
Project("{FAE04EC0-301F-11D3-BF4B-00C04F79EFBC}") = "P02.BookShop", "P02.BookShop\P02.BookShop.csproj", "{B98771D0-0A66-4512-A813-275626858597}"
EndProject
Project("{FAE04EC0-301F-11D3-BF4B-00C04F79EFBC}") = "P03.Mankind", "P03.Mankind\P03.Mankind.csproj", "{8BAB2BC1-F7BB-44F1-BE10-484906D77C91}"
EndProject
Project("{FAE04EC0-301F-11D3-BF4B-00C04F79EFBC}") = "P04.OnlineRadioDatabase", "P04.OnlineRadioDatabase\P04.OnlineRadioDatabase.csproj", "{3974192D-ECF3-4068-A649-D4D8177DE010}"
EndProject
Project("{FAE04EC0-301F-11D3-BF4B-00C04F79EFBC}") = "P05.Mordor'sCruelPlan", "P05.Mordor'sCruelPlan\P05.Mordor'sCruelPlan.csproj", "{3D8FFB10-9253-4286-84F3-9F575FB8D6F1}"
EndProject
Project("{FAE04EC0-301F-11D3-BF4B-00C04F79EFBC}") = "P06.Animals", "P06.Animals\P06.Animals.csproj", "{8BA263BD-E596-4E5F-82C1-C1E7A07E44B9}"
EndProject
Global
	GlobalSection(SolutionConfigurationPlatforms) = preSolution
		Debug|Any CPU = Debug|Any CPU
		Release|Any CPU = Release|Any CPU
	EndGlobalSection
	GlobalSection(ProjectConfigurationPlatforms) = postSolution
		{82EB7059-B667-400A-A8FD-5595B1A711E2}.Debug|Any CPU.ActiveCfg = Debug|Any CPU
		{82EB7059-B667-400A-A8FD-5595B1A711E2}.Debug|Any CPU.Build.0 = Debug|Any CPU
		{82EB7059-B667-400A-A8FD-5595B1A711E2}.Release|Any CPU.ActiveCfg = Release|Any CPU
		{82EB7059-B667-400A-A8FD-5595B1A711E2}.Release|Any CPU.Build.0 = Release|Any CPU
		{B98771D0-0A66-4512-A813-275626858597}.Debug|Any CPU.ActiveCfg = Debug|Any CPU
		{B98771D0-0A66-4512-A813-275626858597}.Debug|Any CPU.Build.0 = Debug|Any CPU
		{B98771D0-0A66-4512-A813-275626858597}.Release|Any CPU.ActiveCfg = Release|Any CPU
		{B98771D0-0A66-4512-A813-275626858597}.Release|Any CPU.Build.0 = Release|Any CPU
		{8BAB2BC1-F7BB-44F1-BE10-484906D77C91}.Debug|Any CPU.ActiveCfg = Debug|Any CPU
		{8BAB2BC1-F7BB-44F1-BE10-484906D77C91}.Debug|Any CPU.Build.0 = Debug|Any CPU
		{8BAB2BC1-F7BB-44F1-BE10-484906D77C91}.Release|Any CPU.ActiveCfg = Release|Any CPU
		{8BAB2BC1-F7BB-44F1-BE10-484906D77C91}.Release|Any CPU.Build.0 = Release|Any CPU
		{3974192D-ECF3-4068-A649-D4D8177DE010}.Debug|Any CPU.ActiveCfg = Debug|Any CPU
		{3974192D-ECF3-4068-A649-D4D8177DE010}.Debug|Any CPU.Build.0 = Debug|Any CPU
		{3974192D-ECF3-4068-A649-D4D8177DE010}.Release|Any CPU.ActiveCfg = Release|Any CPU
		{3974192D-ECF3-4068-A649-D4D8177DE010}.Release|Any CPU.Build.0 = Release|Any CPU
		{3D8FFB10-9253-4286-84F3-9F575FB8D6F1}.Debug|Any CPU.ActiveCfg = Debug|Any CPU
		{3D8FFB10-9253-4286-84F3-9F575FB8D6F1}.Debug|Any CPU.Build.0 = Debug|Any CPU
		{3D8FFB10-9253-4286-84F3-9F575FB8D6F1}.Release|Any CPU.ActiveCfg = Release|Any CPU
		{3D8FFB10-9253-4286-84F3-9F575FB8D6F1}.Release|Any CPU.Build.0 = Release|Any CPU
		{8BA263BD-E596-4E5F-82C1-C1E7A07E44B9}.Debug|Any CPU.ActiveCfg = Debug|Any CPU
		{8BA263BD-E596-4E5F-82C1-C1E7A07E44B9}.Debug|Any CPU.Build.0 = Debug|Any CPU
		{8BA263BD-E596-4E5F-82C1-C1E7A07E44B9}.Release|Any CPU.ActiveCfg = Release|Any CPU
		{8BA263BD-E596-4E5F-82C1-C1E7A07E44B9}.Release|Any CPU.Build.0 = Release|Any CPU
	EndGlobalSection
	GlobalSection(SolutionProperties) = preSolution
		HideSolutionNode = FALSE
	EndGlobalSection
	GlobalSection(ExtensibilityGlobals) = postSolution
		SolutionGuid = {EA28A2B8-BB24-4612-9D9F-0E8823E9DA2E}
	EndGlobalSection
EndGlobal
